
Microsoft Visual Studio Solution File, Format Version 12.00
# Visual Studio 15
VisualStudioVersion = 15.0.26730.12
MinimumVisualStudioVersion = 10.0.40219.1
Project("{FAE04EC0-301F-11D3-BF4B-00C04F79EFBC}") = "TinPet_Projeto.Android", "TinPet_Projeto\TinPet_Projeto.Android\TinPet_Projeto.Android.csproj", "{E1897C01-60C2-4A53-8648-46B7E6D846D5}"
EndProject
Project("{FAE04EC0-301F-11D3-BF4B-00C04F79EFBC}") = "TinPet_Projeto.iOS", "TinPet_Projeto\TinPet_Projeto.iOS\TinPet_Projeto.iOS.csproj", "{CD79FE18-8386-4B88-8B3C-37BF260C805A}"
EndProject
Project("{FAE04EC0-301F-11D3-BF4B-00C04F79EFBC}") = "TinPet_Projeto", "TinPet_Projeto\TinPet_Projeto\TinPet_Projeto.csproj", "{DC078B17-568C-47A0-9C43-8132F30D961F}"
EndProject
Project("{FAE04EC0-301F-11D3-BF4B-00C04F79EFBC}") = "TinPet_Projeto.UWP", "TinPet_Projeto.UWP\TinPet_Projeto.UWP.csproj", "{2FF18A7C-CD2A-471D-9884-D299E64B6AC8}"
EndProject
Global
	GlobalSection(SolutionConfigurationPlatforms) = preSolution
		Debug|Any CPU = Debug|Any CPU
		Debug|ARM = Debug|ARM
		Debug|iPhone = Debug|iPhone
		Debug|iPhoneSimulator = Debug|iPhoneSimulator
		Debug|x64 = Debug|x64
		Debug|x86 = Debug|x86
		Release|Any CPU = Release|Any CPU
		Release|ARM = Release|ARM
		Release|iPhone = Release|iPhone
		Release|iPhoneSimulator = Release|iPhoneSimulator
		Release|x64 = Release|x64
		Release|x86 = Release|x86
	EndGlobalSection
	GlobalSection(ProjectConfigurationPlatforms) = postSolution
		{E1897C01-60C2-4A53-8648-46B7E6D846D5}.Debug|Any CPU.ActiveCfg = Debug|Any CPU
		{E1897C01-60C2-4A53-8648-46B7E6D846D5}.Debug|Any CPU.Build.0 = Debug|Any CPU
		{E1897C01-60C2-4A53-8648-46B7E6D846D5}.Debug|Any CPU.Deploy.0 = Debug|Any CPU
		{E1897C01-60C2-4A53-8648-46B7E6D846D5}.Debug|ARM.ActiveCfg = Debug|Any CPU
		{E1897C01-60C2-4A53-8648-46B7E6D846D5}.Debug|ARM.Build.0 = Debug|Any CPU
		{E1897C01-60C2-4A53-8648-46B7E6D846D5}.Debug|ARM.Deploy.0 = Debug|Any CPU
		{E1897C01-60C2-4A53-8648-46B7E6D846D5}.Debug|iPhone.ActiveCfg = Debug|Any CPU
		{E1897C01-60C2-4A53-8648-46B7E6D846D5}.Debug|iPhone.Build.0 = Debug|Any CPU
		{E1897C01-60C2-4A53-8648-46B7E6D846D5}.Debug|iPhone.Deploy.0 = Debug|Any CPU
		{E1897C01-60C2-4A53-8648-46B7E6D846D5}.Debug|iPhoneSimulator.ActiveCfg = Debug|Any CPU
		{E1897C01-60C2-4A53-8648-46B7E6D846D5}.Debug|iPhoneSimulator.Build.0 = Debug|Any CPU
		{E1897C01-60C2-4A53-8648-46B7E6D846D5}.Debug|iPhoneSimulator.Deploy.0 = Debug|Any CPU
		{E1897C01-60C2-4A53-8648-46B7E6D846D5}.Debug|x64.ActiveCfg = Debug|Any CPU
		{E1897C01-60C2-4A53-8648-46B7E6D846D5}.Debug|x64.Build.0 = Debug|Any CPU
		{E1897C01-60C2-4A53-8648-46B7E6D846D5}.Debug|x64.Deploy.0 = Debug|Any CPU
		{E1897C01-60C2-4A53-8648-46B7E6D846D5}.Debug|x86.ActiveCfg = Debug|Any CPU
		{E1897C01-60C2-4A53-8648-46B7E6D846D5}.Debug|x86.Build.0 = Debug|Any CPU
		{E1897C01-60C2-4A53-8648-46B7E6D846D5}.Debug|x86.Deploy.0 = Debug|Any CPU
		{E1897C01-60C2-4A53-8648-46B7E6D846D5}.Release|Any CPU.ActiveCfg = Release|Any CPU
		{E1897C01-60C2-4A53-8648-46B7E6D846D5}.Release|Any CPU.Build.0 = Release|Any CPU
		{E1897C01-60C2-4A53-8648-46B7E6D846D5}.Release|Any CPU.Deploy.0 = Release|Any CPU
		{E1897C01-60C2-4A53-8648-46B7E6D846D5}.Release|ARM.ActiveCfg = Release|Any CPU
		{E1897C01-60C2-4A53-8648-46B7E6D846D5}.Release|ARM.Build.0 = Release|Any CPU
		{E1897C01-60C2-4A53-8648-46B7E6D846D5}.Release|ARM.Deploy.0 = Release|Any CPU
		{E1897C01-60C2-4A53-8648-46B7E6D846D5}.Release|iPhone.ActiveCfg = Release|Any CPU
		{E1897C01-60C2-4A53-8648-46B7E6D846D5}.Release|iPhone.Build.0 = Release|Any CPU
		{E1897C01-60C2-4A53-8648-46B7E6D846D5}.Release|iPhone.Deploy.0 = Release|Any CPU
		{E1897C01-60C2-4A53-8648-46B7E6D846D5}.Release|iPhoneSimulator.ActiveCfg = Release|Any CPU
		{E1897C01-60C2-4A53-8648-46B7E6D846D5}.Release|iPhoneSimulator.Build.0 = Release|Any CPU
		{E1897C01-60C2-4A53-8648-46B7E6D846D5}.Release|iPhoneSimulator.Deploy.0 = Release|Any CPU
		{E1897C01-60C2-4A53-8648-46B7E6D846D5}.Release|x64.ActiveCfg = Release|Any CPU
		{E1897C01-60C2-4A53-8648-46B7E6D846D5}.Release|x64.Build.0 = Release|Any CPU
		{E1897C01-60C2-4A53-8648-46B7E6D846D5}.Release|x64.Deploy.0 = Release|Any CPU
		{E1897C01-60C2-4A53-8648-46B7E6D846D5}.Release|x86.ActiveCfg = Release|Any CPU
		{E1897C01-60C2-4A53-8648-46B7E6D846D5}.Release|x86.Build.0 = Release|Any CPU
		{E1897C01-60C2-4A53-8648-46B7E6D846D5}.Release|x86.Deploy.0 = Release|Any CPU
		{CD79FE18-8386-4B88-8B3C-37BF260C805A}.Debug|Any CPU.ActiveCfg = Debug|iPhone
		{CD79FE18-8386-4B88-8B3C-37BF260C805A}.Debug|ARM.ActiveCfg = Debug|iPhoneSimulator
		{CD79FE18-8386-4B88-8B3C-37BF260C805A}.Debug|iPhone.ActiveCfg = Debug|iPhone
		{CD79FE18-8386-4B88-8B3C-37BF260C805A}.Debug|iPhone.Build.0 = Debug|iPhone
		{CD79FE18-8386-4B88-8B3C-37BF260C805A}.Debug|iPhoneSimulator.ActiveCfg = Debug|iPhoneSimulator
		{CD79FE18-8386-4B88-8B3C-37BF260C805A}.Debug|iPhoneSimulator.Build.0 = Debug|iPhoneSimulator
		{CD79FE18-8386-4B88-8B3C-37BF260C805A}.Debug|x64.ActiveCfg = Debug|iPhoneSimulator
		{CD79FE18-8386-4B88-8B3C-37BF260C805A}.Debug|x86.ActiveCfg = Debug|iPhoneSimulator
		{CD79FE18-8386-4B88-8B3C-37BF260C805A}.Release|Any CPU.ActiveCfg = Release|iPhone
		{CD79FE18-8386-4B88-8B3C-37BF260C805A}.Release|ARM.ActiveCfg = Release|iPhoneSimulator
		{CD79FE18-8386-4B88-8B3C-37BF260C805A}.Release|iPhone.ActiveCfg = Release|iPhone
		{CD79FE18-8386-4B88-8B3C-37BF260C805A}.Release|iPhone.Build.0 = Release|iPhone
		{CD79FE18-8386-4B88-8B3C-37BF260C805A}.Release|iPhoneSimulator.ActiveCfg = Release|iPhoneSimulator
		{CD79FE18-8386-4B88-8B3C-37BF260C805A}.Release|iPhoneSimulator.Build.0 = Release|iPhoneSimulator
		{CD79FE18-8386-4B88-8B3C-37BF260C805A}.Release|x64.ActiveCfg = Release|iPhoneSimulator
		{CD79FE18-8386-4B88-8B3C-37BF260C805A}.Release|x86.ActiveCfg = Release|iPhoneSimulator
		{DC078B17-568C-47A0-9C43-8132F30D961F}.Debug|Any CPU.ActiveCfg = Debug|Any CPU
		{DC078B17-568C-47A0-9C43-8132F30D961F}.Debug|Any CPU.Build.0 = Debug|Any CPU
		{DC078B17-568C-47A0-9C43-8132F30D961F}.Debug|ARM.ActiveCfg = Debug|Any CPU
		{DC078B17-568C-47A0-9C43-8132F30D961F}.Debug|ARM.Build.0 = Debug|Any CPU
		{DC078B17-568C-47A0-9C43-8132F30D961F}.Debug|iPhone.ActiveCfg = Debug|Any CPU
		{DC078B17-568C-47A0-9C43-8132F30D961F}.Debug|iPhone.Build.0 = Debug|Any CPU
		{DC078B17-568C-47A0-9C43-8132F30D961F}.Debug|iPhoneSimulator.ActiveCfg = Debug|Any CPU
		{DC078B17-568C-47A0-9C43-8132F30D961F}.Debug|iPhoneSimulator.Build.0 = Debug|Any CPU
		{DC078B17-568C-47A0-9C43-8132F30D961F}.Debug|x64.ActiveCfg = Debug|Any CPU
		{DC078B17-568C-47A0-9C43-8132F30D961F}.Debug|x64.Build.0 = Debug|Any CPU
		{DC078B17-568C-47A0-9C43-8132F30D961F}.Debug|x86.ActiveCfg = Debug|Any CPU
		{DC078B17-568C-47A0-9C43-8132F30D961F}.Debug|x86.Build.0 = Debug|Any CPU
		{DC078B17-568C-47A0-9C43-8132F30D961F}.Release|Any CPU.ActiveCfg = Release|Any CPU
		{DC078B17-568C-47A0-9C43-8132F30D961F}.Release|Any CPU.Build.0 = Release|Any CPU
		{DC078B17-568C-47A0-9C43-8132F30D961F}.Release|ARM.ActiveCfg = Release|Any CPU
		{DC078B17-568C-47A0-9C43-8132F30D961F}.Release|ARM.Build.0 = Release|Any CPU
		{DC078B17-568C-47A0-9C43-8132F30D961F}.Release|iPhone.ActiveCfg = Release|Any CPU
		{DC078B17-568C-47A0-9C43-8132F30D961F}.Release|iPhone.Build.0 = Release|Any CPU
		{DC078B17-568C-47A0-9C43-8132F30D961F}.Release|iPhoneSimulator.ActiveCfg = Release|Any CPU
		{DC078B17-568C-47A0-9C43-8132F30D961F}.Release|iPhoneSimulator.Build.0 = Release|Any CPU
		{DC078B17-568C-47A0-9C43-8132F30D961F}.Release|x64.ActiveCfg = Release|Any CPU
		{DC078B17-568C-47A0-9C43-8132F30D961F}.Release|x64.Build.0 = Release|Any CPU
		{DC078B17-568C-47A0-9C43-8132F30D961F}.Release|x86.ActiveCfg = Release|Any CPU
		{DC078B17-568C-47A0-9C43-8132F30D961F}.Release|x86.Build.0 = Release|Any CPU
		{2FF18A7C-CD2A-471D-9884-D299E64B6AC8}.Debug|Any CPU.ActiveCfg = Debug|x86
		{2FF18A7C-CD2A-471D-9884-D299E64B6AC8}.Debug|Any CPU.Build.0 = Debug|x86
		{2FF18A7C-CD2A-471D-9884-D299E64B6AC8}.Debug|Any CPU.Deploy.0 = Debug|x86
		{2FF18A7C-CD2A-471D-9884-D299E64B6AC8}.Debug|ARM.ActiveCfg = Debug|ARM
		{2FF18A7C-CD2A-471D-9884-D299E64B6AC8}.Debug|ARM.Build.0 = Debug|ARM
		{2FF18A7C-CD2A-471D-9884-D299E64B6AC8}.Debug|ARM.Deploy.0 = Debug|ARM
		{2FF18A7C-CD2A-471D-9884-D299E64B6AC8}.Debug|iPhone.ActiveCfg = Debug|x86
		{2FF18A7C-CD2A-471D-9884-D299E64B6AC8}.Debug|iPhoneSimulator.ActiveCfg = Debug|x86
		{2FF18A7C-CD2A-471D-9884-D299E64B6AC8}.Debug|x64.ActiveCfg = Debug|x64
		{2FF18A7C-CD2A-471D-9884-D299E64B6AC8}.Debug|x64.Build.0 = Debug|x64
		{2FF18A7C-CD2A-471D-9884-D299E64B6AC8}.Debug|x64.Deploy.0 = Debug|x64
		{2FF18A7C-CD2A-471D-9884-D299E64B6AC8}.Debug|x86.ActiveCfg = Debug|x86
		{2FF18A7C-CD2A-471D-9884-D299E64B6AC8}.Debug|x86.Build.0 = Debug|x86
		{2FF18A7C-CD2A-471D-9884-D299E64B6AC8}.Debug|x86.Deploy.0 = Debug|x86
		{2FF18A7C-CD2A-471D-9884-D299E64B6AC8}.Release|Any CPU.ActiveCfg = Release|x86
		{2FF18A7C-CD2A-471D-9884-D299E64B6AC8}.Release|ARM.ActiveCfg = Release|ARM
		{2FF18A7C-CD2A-471D-9884-D299E64B6AC8}.Release|ARM.Build.0 = Release|ARM
		{2FF18A7C-CD2A-471D-9884-D299E64B6AC8}.Release|ARM.Deploy.0 = Release|ARM
		{2FF18A7C-CD2A-471D-9884-D299E64B6AC8}.Release|iPhone.ActiveCfg = Release|x86
		{2FF18A7C-CD2A-471D-9884-D299E64B6AC8}.Release|iPhoneSimulator.ActiveCfg = Release|x86
		{2FF18A7C-CD2A-471D-9884-D299E64B6AC8}.Release|x64.ActiveCfg = Release|x64
		{2FF18A7C-CD2A-471D-9884-D299E64B6AC8}.Release|x64.Build.0 = Release|x64
		{2FF18A7C-CD2A-471D-9884-D299E64B6AC8}.Release|x64.Deploy.0 = Release|x64
		{2FF18A7C-CD2A-471D-9884-D299E64B6AC8}.Release|x86.ActiveCfg = Release|x86
		{2FF18A7C-CD2A-471D-9884-D299E64B6AC8}.Release|x86.Build.0 = Release|x86
		{2FF18A7C-CD2A-471D-9884-D299E64B6AC8}.Release|x86.Deploy.0 = Release|x86
	EndGlobalSection
	GlobalSection(SolutionProperties) = preSolution
		HideSolutionNode = FALSE
	EndGlobalSection
	GlobalSection(ExtensibilityGlobals) = postSolution
		SolutionGuid = {79EFEFB2-9445-41F2-A2B4-9C188E86A2D2}
	EndGlobalSection
EndGlobal
